<Solution>
  <Folder Name="/src/">
    <Project Path="src/AppServicePlanMetricsForwarder/AppServicePlanMetricsForwarder.csproj" />
  </Folder>
  <Folder Name="/tests/">
    <Project Path="tests/AppServicePlanMetricsForwarder.Tests/AppServicePlanMetricsForwarder.Tests.csproj" />
  </Folder>
</Solution>
